
Microsoft Visual Studio Solution File, Format Version 12.00
# Visual Studio Version 16
VisualStudioVersion = 16.0.31205.134
MinimumVisualStudioVersion = 10.0.40219.1
Project("{9A19103F-16F7-4668-BE54-9A1E7A4F7556}") = "OrionMetis.EmailService", "OrionMetis.EmailService\OrionMetis.EmailService.csproj", "{C67390E2-B438-4314-8BAD-FAF6AB071BAD}"
EndProject
Project("{FAE04EC0-301F-11D3-BF4B-00C04F79EFBC}") = "OrionMetis.Web", "OrionMetis.Web\OrionMetis.Web.csproj", "{3318F05B-6943-4812-9FA4-3697A3F9564C}"
EndProject
Global
	GlobalSection(SolutionConfigurationPlatforms) = preSolution
		Debug|Any CPU = Debug|Any CPU
		Release|Any CPU = Release|Any CPU
	EndGlobalSection
	GlobalSection(ProjectConfigurationPlatforms) = postSolution
		{C67390E2-B438-4314-8BAD-FAF6AB071BAD}.Debug|Any CPU.ActiveCfg = Debug|Any CPU
		{C67390E2-B438-4314-8BAD-FAF6AB071BAD}.Debug|Any CPU.Build.0 = Debug|Any CPU
		{C67390E2-B438-4314-8BAD-FAF6AB071BAD}.Release|Any CPU.ActiveCfg = Release|Any CPU
		{C67390E2-B438-4314-8BAD-FAF6AB071BAD}.Release|Any CPU.Build.0 = Release|Any CPU
		{3318F05B-6943-4812-9FA4-3697A3F9564C}.Debug|Any CPU.ActiveCfg = Debug|Any CPU
		{3318F05B-6943-4812-9FA4-3697A3F9564C}.Debug|Any CPU.Build.0 = Debug|Any CPU
		{3318F05B-6943-4812-9FA4-3697A3F9564C}.Release|Any CPU.ActiveCfg = Release|Any CPU
		{3318F05B-6943-4812-9FA4-3697A3F9564C}.Release|Any CPU.Build.0 = Release|Any CPU
	EndGlobalSection
	GlobalSection(SolutionProperties) = preSolution
		HideSolutionNode = FALSE
	EndGlobalSection
	GlobalSection(ExtensibilityGlobals) = postSolution
		SolutionGuid = {4131E68A-4A1A-47A6-B94B-0CFCD0DA876B}
	EndGlobalSection
EndGlobal
